// !$*UTF8*$!
{
	archiveVersion = 1;
	classes = {
	};
	objectVersion = 56;
	objects = {

/* Begin PBXBuildFile section */
		7A3066BD291B0E03007FCD80 /* LocalFileManager.swift in Sources */ = {isa = PBXBuildFile; fileRef = 7A3066BC291B0E03007FCD80 /* LocalFileManager.swift */; };
		7A5E9F86291B528F007B74D4 /* SearchBarView.swift in Sources */ = {isa = PBXBuildFile; fileRef = 7A5E9F85291B528F007B74D4 /* SearchBarView.swift */; };
		7A5E9F88291B57D5007B74D4 /* UIApplication.swift in Sources */ = {isa = PBXBuildFile; fileRef = 7A5E9F87291B57D5007B74D4 /* UIApplication.swift */; };
		7A76BA84291992CC0005B3F4 /* CryptoAppApp.swift in Sources */ = {isa = PBXBuildFile; fileRef = 7A76BA83291992CC0005B3F4 /* CryptoAppApp.swift */; };
		7A76BA86291992CC0005B3F4 /* ContentView.swift in Sources */ = {isa = PBXBuildFile; fileRef = 7A76BA85291992CC0005B3F4 /* ContentView.swift */; };
		7A76BA8B291992CD0005B3F4 /* Preview Assets.xcassets in Resources */ = {isa = PBXBuildFile; fileRef = 7A76BA8A291992CD0005B3F4 /* Preview Assets.xcassets */; };
		7A76BA92291993730005B3F4 /* Assets.xcassets in Resources */ = {isa = PBXBuildFile; fileRef = 7A76BA91291993730005B3F4 /* Assets.xcassets */; };
		7A76BA972919958D0005B3F4 /* Color.swift in Sources */ = {isa = PBXBuildFile; fileRef = 7A76BA962919958D0005B3F4 /* Color.swift */; };
		7A76BA9F2919976F0005B3F4 /* HomeView.swift in Sources */ = {isa = PBXBuildFile; fileRef = 7A76BA9E2919976F0005B3F4 /* HomeView.swift */; };
		7A76BAA3291998E90005B3F4 /* CircleButtonView.swift in Sources */ = {isa = PBXBuildFile; fileRef = 7A76BAA2291998E90005B3F4 /* CircleButtonView.swift */; };
		7A76BAA529199DD70005B3F4 /* CircleButtonAnimationView.swift in Sources */ = {isa = PBXBuildFile; fileRef = 7A76BAA429199DD70005B3F4 /* CircleButtonAnimationView.swift */; };
		7A76BAA82919A0800005B3F4 /* CoinModel.swift in Sources */ = {isa = PBXBuildFile; fileRef = 7A76BAA72919A0800005B3F4 /* CoinModel.swift */; };
		7A76BAAA2919A56E0005B3F4 /* CoinRowView.swift in Sources */ = {isa = PBXBuildFile; fileRef = 7A76BAA92919A56E0005B3F4 /* CoinRowView.swift */; };
		7A76BAAC2919A5D10005B3F4 /* PreviewProvider.swift in Sources */ = {isa = PBXBuildFile; fileRef = 7A76BAAB2919A5D10005B3F4 /* PreviewProvider.swift */; };
		7A76BAAE2919A8CE0005B3F4 /* Double.swift in Sources */ = {isa = PBXBuildFile; fileRef = 7A76BAAD2919A8CE0005B3F4 /* Double.swift */; };
		7A915D6F291AA8C400655E3D /* HomeViewModal.swift in Sources */ = {isa = PBXBuildFile; fileRef = 7A915D6E291AA8C400655E3D /* HomeViewModal.swift */; };
		7A915D72291AAFE100655E3D /* CoinDataService.swift in Sources */ = {isa = PBXBuildFile; fileRef = 7A915D71291AAFE100655E3D /* CoinDataService.swift */; };
		7A97BB05291D41A2002B31AC /* StatisticModel.swift in Sources */ = {isa = PBXBuildFile; fileRef = 7A97BB04291D41A2002B31AC /* StatisticModel.swift */; };
		7A97BB07291D4305002B31AC /* StatisticView.swift in Sources */ = {isa = PBXBuildFile; fileRef = 7A97BB06291D4305002B31AC /* StatisticView.swift */; };
		7A97BB09291D4787002B31AC /* HomeStatsView.swift in Sources */ = {isa = PBXBuildFile; fileRef = 7A97BB08291D4787002B31AC /* HomeStatsView.swift */; };
		7A97BB0B291D4E3B002B31AC /* MarketDataModel.swift in Sources */ = {isa = PBXBuildFile; fileRef = 7A97BB0A291D4E3B002B31AC /* MarketDataModel.swift */; };
		7A97BB0D291D52DE002B31AC /* MarketDataService.swift in Sources */ = {isa = PBXBuildFile; fileRef = 7A97BB0C291D52DE002B31AC /* MarketDataService.swift */; };
		7AA0AA7A291AD31800967161 /* NetworkingManager.swift in Sources */ = {isa = PBXBuildFile; fileRef = 7AA0AA79291AD31800967161 /* NetworkingManager.swift */; };
		7AA0AA7D291ADF3500967161 /* CoinImageView.swift in Sources */ = {isa = PBXBuildFile; fileRef = 7AA0AA7C291ADF3500967161 /* CoinImageView.swift */; };
		7AA0AA7F291AE0A300967161 /* CoinimageService.swift in Sources */ = {isa = PBXBuildFile; fileRef = 7AA0AA7E291AE0A300967161 /* CoinimageService.swift */; };
		7AA0AA81291AE22D00967161 /* CoinImageViewModel.swift in Sources */ = {isa = PBXBuildFile; fileRef = 7AA0AA80291AE22D00967161 /* CoinImageViewModel.swift */; };
/* End PBXBuildFile section */

/* Begin PBXFileReference section */
		7A3066BC291B0E03007FCD80 /* LocalFileManager.swift */ = {isa = PBXFileReference; lastKnownFileType = sourcecode.swift; path = LocalFileManager.swift; sourceTree = "<group>"; };
		7A5E9F85291B528F007B74D4 /* SearchBarView.swift */ = {isa = PBXFileReference; lastKnownFileType = sourcecode.swift; path = SearchBarView.swift; sourceTree = "<group>"; };
		7A5E9F87291B57D5007B74D4 /* UIApplication.swift */ = {isa = PBXFileReference; fileEncoding = 4; lastKnownFileType = sourcecode.swift; name = UIApplication.swift; path = ../../../../../../Downloads/Resources/Extensions/UIApplication.swift; sourceTree = "<group>"; };
		7A76BA80291992CC0005B3F4 /* CryptoApp.app */ = {isa = PBXFileReference; explicitFileType = wrapper.application; includeInIndex = 0; path = CryptoApp.app; sourceTree = BUILT_PRODUCTS_DIR; };
		7A76BA83291992CC0005B3F4 /* CryptoAppApp.swift */ = {isa = PBXFileReference; lastKnownFileType = sourcecode.swift; path = CryptoAppApp.swift; sourceTree = "<group>"; };
		7A76BA85291992CC0005B3F4 /* ContentView.swift */ = {isa = PBXFileReference; lastKnownFileType = sourcecode.swift; path = ContentView.swift; sourceTree = "<group>"; };
		7A76BA8A291992CD0005B3F4 /* Preview Assets.xcassets */ = {isa = PBXFileReference; lastKnownFileType = folder.assetcatalog; path = "Preview Assets.xcassets"; sourceTree = "<group>"; };
		7A76BA91291993730005B3F4 /* Assets.xcassets */ = {isa = PBXFileReference; lastKnownFileType = folder.assetcatalog; name = Assets.xcassets; path = ../../../../../Downloads/Resources/Assets.xcassets; sourceTree = "<group>"; };
		7A76BA962919958D0005B3F4 /* Color.swift */ = {isa = PBXFileReference; lastKnownFileType = sourcecode.swift; path = Color.swift; sourceTree = "<group>"; };
		7A76BA9E2919976F0005B3F4 /* HomeView.swift */ = {isa = PBXFileReference; lastKnownFileType = sourcecode.swift; path = HomeView.swift; sourceTree = "<group>"; };
		7A76BAA2291998E90005B3F4 /* CircleButtonView.swift */ = {isa = PBXFileReference; lastKnownFileType = sourcecode.swift; path = CircleButtonView.swift; sourceTree = "<group>"; };
		7A76BAA429199DD70005B3F4 /* CircleButtonAnimationView.swift */ = {isa = PBXFileReference; lastKnownFileType = sourcecode.swift; path = CircleButtonAnimationView.swift; sourceTree = "<group>"; };
		7A76BAA72919A0800005B3F4 /* CoinModel.swift */ = {isa = PBXFileReference; lastKnownFileType = sourcecode.swift; path = CoinModel.swift; sourceTree = "<group>"; };
		7A76BAA92919A56E0005B3F4 /* CoinRowView.swift */ = {isa = PBXFileReference; lastKnownFileType = sourcecode.swift; path = CoinRowView.swift; sourceTree = "<group>"; };
		7A76BAAB2919A5D10005B3F4 /* PreviewProvider.swift */ = {isa = PBXFileReference; fileEncoding = 4; lastKnownFileType = sourcecode.swift; path = PreviewProvider.swift; sourceTree = "<group>"; };
		7A76BAAD2919A8CE0005B3F4 /* Double.swift */ = {isa = PBXFileReference; fileEncoding = 4; lastKnownFileType = sourcecode.swift; path = Double.swift; sourceTree = "<group>"; };
		7A915D6E291AA8C400655E3D /* HomeViewModal.swift */ = {isa = PBXFileReference; lastKnownFileType = sourcecode.swift; path = HomeViewModal.swift; sourceTree = "<group>"; };
		7A915D71291AAFE100655E3D /* CoinDataService.swift */ = {isa = PBXFileReference; lastKnownFileType = sourcecode.swift; path = CoinDataService.swift; sourceTree = "<group>"; };
		7A97BB04291D41A2002B31AC /* StatisticModel.swift */ = {isa = PBXFileReference; lastKnownFileType = sourcecode.swift; path = StatisticModel.swift; sourceTree = "<group>"; };
		7A97BB06291D4305002B31AC /* StatisticView.swift */ = {isa = PBXFileReference; lastKnownFileType = sourcecode.swift; path = StatisticView.swift; sourceTree = "<group>"; };
		7A97BB08291D4787002B31AC /* HomeStatsView.swift */ = {isa = PBXFileReference; lastKnownFileType = sourcecode.swift; path = HomeStatsView.swift; sourceTree = "<group>"; };
		7A97BB0A291D4E3B002B31AC /* MarketDataModel.swift */ = {isa = PBXFileReference; lastKnownFileType = sourcecode.swift; path = MarketDataModel.swift; sourceTree = "<group>"; };
		7A97BB0C291D52DE002B31AC /* MarketDataService.swift */ = {isa = PBXFileReference; lastKnownFileType = sourcecode.swift; path = MarketDataService.swift; sourceTree = "<group>"; };
		7AA0AA79291AD31800967161 /* NetworkingManager.swift */ = {isa = PBXFileReference; lastKnownFileType = sourcecode.swift; path = NetworkingManager.swift; sourceTree = "<group>"; };
		7AA0AA7C291ADF3500967161 /* CoinImageView.swift */ = {isa = PBXFileReference; lastKnownFileType = sourcecode.swift; path = CoinImageView.swift; sourceTree = "<group>"; };
		7AA0AA7E291AE0A300967161 /* CoinimageService.swift */ = {isa = PBXFileReference; lastKnownFileType = sourcecode.swift; path = CoinimageService.swift; sourceTree = "<group>"; };
		7AA0AA80291AE22D00967161 /* CoinImageViewModel.swift */ = {isa = PBXFileReference; lastKnownFileType = sourcecode.swift; path = CoinImageViewModel.swift; sourceTree = "<group>"; };
/* End PBXFileReference section */

/* Begin PBXFrameworksBuildPhase section */
		7A76BA7D291992CC0005B3F4 /* Frameworks */ = {
			isa = PBXFrameworksBuildPhase;
			buildActionMask = 2147483647;
			files = (
			);
			runOnlyForDeploymentPostprocessing = 0;
		};
/* End PBXFrameworksBuildPhase section */

/* Begin PBXGroup section */
		7A76BA77291992CC0005B3F4 = {
			isa = PBXGroup;
			children = (
				7A76BA82291992CC0005B3F4 /* CryptoApp */,
				7A76BA81291992CC0005B3F4 /* Products */,
			);
			sourceTree = "<group>";
		};
		7A76BA81291992CC0005B3F4 /* Products */ = {
			isa = PBXGroup;
			children = (
				7A76BA80291992CC0005B3F4 /* CryptoApp.app */,
			);
			name = Products;
			sourceTree = "<group>";
		};
		7A76BA82291992CC0005B3F4 /* CryptoApp */ = {
			isa = PBXGroup;
			children = (
				7AA0AA78291AD2E800967161 /* Ultilities */,
				7A76BAA62919A05D0005B3F4 /* Models */,
				7A76BA95291995710005B3F4 /* Extensions */,
				7A915D70291AAFB300655E3D /* Services */,
				7A76BA98291996970005B3F4 /* Core */,
				7A76BA83291992CC0005B3F4 /* CryptoAppApp.swift */,
				7A76BA85291992CC0005B3F4 /* ContentView.swift */,
				7A76BA91291993730005B3F4 /* Assets.xcassets */,
				7A76BA89291992CD0005B3F4 /* Preview Content */,
			);
			path = CryptoApp;
			sourceTree = "<group>";
		};
		7A76BA89291992CD0005B3F4 /* Preview Content */ = {
			isa = PBXGroup;
			children = (
				7A76BA8A291992CD0005B3F4 /* Preview Assets.xcassets */,
			);
			path = "Preview Content";
			sourceTree = "<group>";
		};
		7A76BA95291995710005B3F4 /* Extensions */ = {
			isa = PBXGroup;
			children = (
				7A5E9F87291B57D5007B74D4 /* UIApplication.swift */,
				7A76BAAD2919A8CE0005B3F4 /* Double.swift */,
				7A76BAAB2919A5D10005B3F4 /* PreviewProvider.swift */,
				7A76BA962919958D0005B3F4 /* Color.swift */,
			);
			path = Extensions;
			sourceTree = "<group>";
		};
		7A76BA98291996970005B3F4 /* Core */ = {
			isa = PBXGroup;
			children = (
				7A76BAA0291998AE0005B3F4 /* Components */,
				7A76BA99291996B60005B3F4 /* Home */,
			);
			path = Core;
			sourceTree = "<group>";
		};
		7A76BA99291996B60005B3F4 /* Home */ = {
			isa = PBXGroup;
			children = (
				7A76BA9B291996CE0005B3F4 /* ViewModels */,
				7A76BA9A291996C30005B3F4 /* Views */,
			);
			path = Home;
			sourceTree = "<group>";
		};
		7A76BA9A291996C30005B3F4 /* Views */ = {
			isa = PBXGroup;
			children = (
				7A76BA9E2919976F0005B3F4 /* HomeView.swift */,
				7A97BB08291D4787002B31AC /* HomeStatsView.swift */,
				7A76BAA92919A56E0005B3F4 /* CoinRowView.swift */,
			);
			path = Views;
			sourceTree = "<group>";
		};
		7A76BA9B291996CE0005B3F4 /* ViewModels */ = {
			isa = PBXGroup;
			children = (
				7A915D6E291AA8C400655E3D /* HomeViewModal.swift */,
			);
			path = ViewModels;
			sourceTree = "<group>";
		};
		7A76BAA0291998AE0005B3F4 /* Components */ = {
			isa = PBXGroup;
			children = (
				7AA0AA7B291ADF1C00967161 /* Coinimage */,
				7A76BAA1291998C50005B3F4 /* CircleButton */,
				7A5E9F85291B528F007B74D4 /* SearchBarView.swift */,
				7A97BB06291D4305002B31AC /* StatisticView.swift */,
			);
			path = Components;
			sourceTree = "<group>";
		};
		7A76BAA1291998C50005B3F4 /* CircleButton */ = {
			isa = PBXGroup;
			children = (
				7A76BAA2291998E90005B3F4 /* CircleButtonView.swift */,
				7A76BAA429199DD70005B3F4 /* CircleButtonAnimationView.swift */,
			);
			path = CircleButton;
			sourceTree = "<group>";
		};
		7A76BAA62919A05D0005B3F4 /* Models */ = {
			isa = PBXGroup;
			children = (
				7A76BAA72919A0800005B3F4 /* CoinModel.swift */,
				7A97BB04291D41A2002B31AC /* StatisticModel.swift */,
				7A97BB0A291D4E3B002B31AC /* MarketDataModel.swift */,
			);
			path = Models;
			sourceTree = "<group>";
		};
		7A915D70291AAFB300655E3D /* Services */ = {
			isa = PBXGroup;
			children = (
				7A915D71291AAFE100655E3D /* CoinDataService.swift */,
				7AA0AA7E291AE0A300967161 /* CoinimageService.swift */,
				7A97BB0C291D52DE002B31AC /* MarketDataService.swift */,
			);
			path = Services;
			sourceTree = "<group>";
		};
		7AA0AA78291AD2E800967161 /* Ultilities */ = {
			isa = PBXGroup;
			children = (
				7AA0AA79291AD31800967161 /* NetworkingManager.swift */,
				7A3066BC291B0E03007FCD80 /* LocalFileManager.swift */,
			);
			path = Ultilities;
			sourceTree = "<group>";
		};
		7AA0AA7B291ADF1C00967161 /* Coinimage */ = {
			isa = PBXGroup;
			children = (
				7AA0AA7C291ADF3500967161 /* CoinImageView.swift */,
				7AA0AA80291AE22D00967161 /* CoinImageViewModel.swift */,
			);
			path = Coinimage;
			sourceTree = "<group>";
		};
/* End PBXGroup section */

/* Begin PBXNativeTarget section */
		7A76BA7F291992CC0005B3F4 /* CryptoApp */ = {
			isa = PBXNativeTarget;
			buildConfigurationList = 7A76BA8E291992CD0005B3F4 /* Build configuration list for PBXNativeTarget "CryptoApp" */;
			buildPhases = (
				7A76BA7C291992CC0005B3F4 /* Sources */,
				7A76BA7D291992CC0005B3F4 /* Frameworks */,
				7A76BA7E291992CC0005B3F4 /* Resources */,
			);
			buildRules = (
			);
			dependencies = (
			);
			name = CryptoApp;
			productName = CryptoApp;
			productReference = 7A76BA80291992CC0005B3F4 /* CryptoApp.app */;
			productType = "com.apple.product-type.application";
		};
/* End PBXNativeTarget section */

/* Begin PBXProject section */
		7A76BA78291992CC0005B3F4 /* Project object */ = {
			isa = PBXProject;
			attributes = {
				BuildIndependentTargetsInParallel = 1;
				LastSwiftUpdateCheck = 1410;
				LastUpgradeCheck = 1410;
				TargetAttributes = {
					7A76BA7F291992CC0005B3F4 = {
						CreatedOnToolsVersion = 14.1;
					};
				};
			};
			buildConfigurationList = 7A76BA7B291992CC0005B3F4 /* Build configuration list for PBXProject "CryptoApp" */;
			compatibilityVersion = "Xcode 14.0";
			developmentRegion = en;
			hasScannedForEncodings = 0;
			knownRegions = (
				en,
				Base,
			);
			mainGroup = 7A76BA77291992CC0005B3F4;
			productRefGroup = 7A76BA81291992CC0005B3F4 /* Products */;
			projectDirPath = "";
			projectRoot = "";
			targets = (
				7A76BA7F291992CC0005B3F4 /* CryptoApp */,
			);
		};
/* End PBXProject section */

/* Begin PBXResourcesBuildPhase section */
		7A76BA7E291992CC0005B3F4 /* Resources */ = {
			isa = PBXResourcesBuildPhase;
			buildActionMask = 2147483647;
			files = (
				7A76BA8B291992CD0005B3F4 /* Preview Assets.xcassets in Resources */,
				7A76BA92291993730005B3F4 /* Assets.xcassets in Resources */,
			);
			runOnlyForDeploymentPostprocessing = 0;
		};
/* End PBXResourcesBuildPhase section */

/* Begin PBXSourcesBuildPhase section */
		7A76BA7C291992CC0005B3F4 /* Sources */ = {
			isa = PBXSourcesBuildPhase;
			buildActionMask = 2147483647;
			files = (
				7A97BB05291D41A2002B31AC /* StatisticModel.swift in Sources */,
				7A915D72291AAFE100655E3D /* CoinDataService.swift in Sources */,
				7A76BAAA2919A56E0005B3F4 /* CoinRowView.swift in Sources */,
				7A915D6F291AA8C400655E3D /* HomeViewModal.swift in Sources */,
				7A76BA86291992CC0005B3F4 /* ContentView.swift in Sources */,
				7A3066BD291B0E03007FCD80 /* LocalFileManager.swift in Sources */,
				7A97BB0B291D4E3B002B31AC /* MarketDataModel.swift in Sources */,
				7A76BA9F2919976F0005B3F4 /* HomeView.swift in Sources */,
				7A97BB07291D4305002B31AC /* StatisticView.swift in Sources */,
				7AA0AA7D291ADF3500967161 /* CoinImageView.swift in Sources */,
				7A76BA84291992CC0005B3F4 /* CryptoAppApp.swift in Sources */,
				7A5E9F88291B57D5007B74D4 /* UIApplication.swift in Sources */,
				7A76BAA3291998E90005B3F4 /* CircleButtonView.swift in Sources */,
				7A76BA972919958D0005B3F4 /* Color.swift in Sources */,
				7A5E9F86291B528F007B74D4 /* SearchBarView.swift in Sources */,
				7AA0AA7A291AD31800967161 /* NetworkingManager.swift in Sources */,
				7A97BB09291D4787002B31AC /* HomeStatsView.swift in Sources */,
				7A97BB0D291D52DE002B31AC /* MarketDataService.swift in Sources */,
				7A76BAA529199DD70005B3F4 /* CircleButtonAnimationView.swift in Sources */,
				7AA0AA81291AE22D00967161 /* CoinImageViewModel.swift in Sources */,
				7AA0AA7F291AE0A300967161 /* CoinimageService.swift in Sources */,
				7A76BAAC2919A5D10005B3F4 /* PreviewProvider.swift in Sources */,
				7A76BAAE2919A8CE0005B3F4 /* Double.swift in Sources */,
				7A76BAA82919A0800005B3F4 /* CoinModel.swift in Sources */,
			);
			runOnlyForDeploymentPostprocessing = 0;
		};
/* End PBXSourcesBuildPhase section */

/* Begin XCBuildConfiguration section */
		7A76BA8C291992CD0005B3F4 /* Debug */ = {
			isa = XCBuildConfiguration;
			buildSettings = {
				ALWAYS_SEARCH_USER_PATHS = NO;
				CLANG_ANALYZER_NONNULL = YES;
				CLANG_ANALYZER_NUMBER_OBJECT_CONVERSION = YES_AGGRESSIVE;
				CLANG_CXX_LANGUAGE_STANDARD = "gnu++20";
				CLANG_ENABLE_MODULES = YES;
				CLANG_ENABLE_OBJC_ARC = YES;
				CLANG_ENABLE_OBJC_WEAK = YES;
				CLANG_WARN_BLOCK_CAPTURE_AUTORELEASING = YES;
				CLANG_WARN_BOOL_CONVERSION = YES;
				CLANG_WARN_COMMA = YES;
				CLANG_WARN_CONSTANT_CONVERSION = YES;
				CLANG_WARN_DEPRECATED_OBJC_IMPLEMENTATIONS = YES;
				CLANG_WARN_DIRECT_OBJC_ISA_USAGE = YES_ERROR;
				CLANG_WARN_DOCUMENTATION_COMMENTS = YES;
				CLANG_WARN_EMPTY_BODY = YES;
				CLANG_WARN_ENUM_CONVERSION = YES;
				CLANG_WARN_INFINITE_RECURSION = YES;
				CLANG_WARN_INT_CONVERSION = YES;
				CLANG_WARN_NON_LITERAL_NULL_CONVERSION = YES;
				CLANG_WARN_OBJC_IMPLICIT_RETAIN_SELF = YES;
				CLANG_WARN_OBJC_LITERAL_CONVERSION = YES;
				CLANG_WARN_OBJC_ROOT_CLASS = YES_ERROR;
				CLANG_WARN_QUOTED_INCLUDE_IN_FRAMEWORK_HEADER = YES;
				CLANG_WARN_RANGE_LOOP_ANALYSIS = YES;
				CLANG_WARN_STRICT_PROTOTYPES = YES;
				CLANG_WARN_SUSPICIOUS_MOVE = YES;
				CLANG_WARN_UNGUARDED_AVAILABILITY = YES_AGGRESSIVE;
				CLANG_WARN_UNREACHABLE_CODE = YES;
				CLANG_WARN__DUPLICATE_METHOD_MATCH = YES;
				COPY_PHASE_STRIP = NO;
				DEBUG_INFORMATION_FORMAT = dwarf;
				ENABLE_STRICT_OBJC_MSGSEND = YES;
				ENABLE_TESTABILITY = YES;
				GCC_C_LANGUAGE_STANDARD = gnu11;
				GCC_DYNAMIC_NO_PIC = NO;
				GCC_NO_COMMON_BLOCKS = YES;
				GCC_OPTIMIZATION_LEVEL = 0;
				GCC_PREPROCESSOR_DEFINITIONS = (
					"DEBUG=1",
					"$(inherited)",
				);
				GCC_WARN_64_TO_32_BIT_CONVERSION = YES;
				GCC_WARN_ABOUT_RETURN_TYPE = YES_ERROR;
				GCC_WARN_UNDECLARED_SELECTOR = YES;
				GCC_WARN_UNINITIALIZED_AUTOS = YES_AGGRESSIVE;
				GCC_WARN_UNUSED_FUNCTION = YES;
				GCC_WARN_UNUSED_VARIABLE = YES;
				IPHONEOS_DEPLOYMENT_TARGET = 16.1;
				MTL_ENABLE_DEBUG_INFO = INCLUDE_SOURCE;
				MTL_FAST_MATH = YES;
				ONLY_ACTIVE_ARCH = YES;
				SDKROOT = iphoneos;
				SWIFT_ACTIVE_COMPILATION_CONDITIONS = DEBUG;
				SWIFT_OPTIMIZATION_LEVEL = "-Onone";
			};
			name = Debug;
		};
		7A76BA8D291992CD0005B3F4 /* Release */ = {
			isa = XCBuildConfiguration;
			buildSettings = {
				ALWAYS_SEARCH_USER_PATHS = NO;
				CLANG_ANALYZER_NONNULL = YES;
				CLANG_ANALYZER_NUMBER_OBJECT_CONVERSION = YES_AGGRESSIVE;
				CLANG_CXX_LANGUAGE_STANDARD = "gnu++20";
				CLANG_ENABLE_MODULES = YES;
				CLANG_ENABLE_OBJC_ARC = YES;
				CLANG_ENABLE_OBJC_WEAK = YES;
				CLANG_WARN_BLOCK_CAPTURE_AUTORELEASING = YES;
				CLANG_WARN_BOOL_CONVERSION = YES;
				CLANG_WARN_COMMA = YES;
				CLANG_WARN_CONSTANT_CONVERSION = YES;
				CLANG_WARN_DEPRECATED_OBJC_IMPLEMENTATIONS = YES;
				CLANG_WARN_DIRECT_OBJC_ISA_USAGE = YES_ERROR;
				CLANG_WARN_DOCUMENTATION_COMMENTS = YES;
				CLANG_WARN_EMPTY_BODY = YES;
				CLANG_WARN_ENUM_CONVERSION = YES;
				CLANG_WARN_INFINITE_RECURSION = YES;
				CLANG_WARN_INT_CONVERSION = YES;
				CLANG_WARN_NON_LITERAL_NULL_CONVERSION = YES;
				CLANG_WARN_OBJC_IMPLICIT_RETAIN_SELF = YES;
				CLANG_WARN_OBJC_LITERAL_CONVERSION = YES;
				CLANG_WARN_OBJC_ROOT_CLASS = YES_ERROR;
				CLANG_WARN_QUOTED_INCLUDE_IN_FRAMEWORK_HEADER = YES;
				CLANG_WARN_RANGE_LOOP_ANALYSIS = YES;
				CLANG_WARN_STRICT_PROTOTYPES = YES;
				CLANG_WARN_SUSPICIOUS_MOVE = YES;
				CLANG_WARN_UNGUARDED_AVAILABILITY = YES_AGGRESSIVE;
				CLANG_WARN_UNREACHABLE_CODE = YES;
				CLANG_WARN__DUPLICATE_METHOD_MATCH = YES;
				COPY_PHASE_STRIP = NO;
				DEBUG_INFORMATION_FORMAT = "dwarf-with-dsym";
				ENABLE_NS_ASSERTIONS = NO;
				ENABLE_STRICT_OBJC_MSGSEND = YES;
				GCC_C_LANGUAGE_STANDARD = gnu11;
				GCC_NO_COMMON_BLOCKS = YES;
				GCC_WARN_64_TO_32_BIT_CONVERSION = YES;
				GCC_WARN_ABOUT_RETURN_TYPE = YES_ERROR;
				GCC_WARN_UNDECLARED_SELECTOR = YES;
				GCC_WARN_UNINITIALIZED_AUTOS = YES_AGGRESSIVE;
				GCC_WARN_UNUSED_FUNCTION = YES;
				GCC_WARN_UNUSED_VARIABLE = YES;
				IPHONEOS_DEPLOYMENT_TARGET = 16.1;
				MTL_ENABLE_DEBUG_INFO = NO;
				MTL_FAST_MATH = YES;
				SDKROOT = iphoneos;
				SWIFT_COMPILATION_MODE = wholemodule;
				SWIFT_OPTIMIZATION_LEVEL = "-O";
				VALIDATE_PRODUCT = YES;
			};
			name = Release;
		};
		7A76BA8F291992CD0005B3F4 /* Debug */ = {
			isa = XCBuildConfiguration;
			buildSettings = {
				ASSETCATALOG_COMPILER_APPICON_NAME = AppIcon;
				ASSETCATALOG_COMPILER_GLOBAL_ACCENT_COLOR_NAME = AccentColor;
				CODE_SIGN_STYLE = Automatic;
				CURRENT_PROJECT_VERSION = 1;
				DEVELOPMENT_ASSET_PATHS = "\"CryptoApp/Preview Content\"";
				DEVELOPMENT_TEAM = E9WWHWDDTX;
				ENABLE_PREVIEWS = YES;
				GENERATE_INFOPLIST_FILE = YES;
				INFOPLIST_KEY_CFBundleDisplayName = "Crypto Tracker";
				INFOPLIST_KEY_UIApplicationSceneManifest_Generation = YES;
				INFOPLIST_KEY_UIApplicationSupportsIndirectInputEvents = YES;
				INFOPLIST_KEY_UILaunchScreen_Generation = YES;
				INFOPLIST_KEY_UISupportedInterfaceOrientations = UIInterfaceOrientationPortrait;
				LD_RUNPATH_SEARCH_PATHS = (
					"$(inherited)",
					"@executable_path/Frameworks",
				);
				MARKETING_VERSION = 1.0;
				PRODUCT_BUNDLE_IDENTIFIER = com.tibirabotto.CryptoApp;
				PRODUCT_NAME = "$(TARGET_NAME)";
				SWIFT_EMIT_LOC_STRINGS = YES;
				SWIFT_VERSION = 5.0;
				TARGETED_DEVICE_FAMILY = "1,2";
			};
			name = Debug;
		};
		7A76BA90291992CD0005B3F4 /* Release */ = {
			isa = XCBuildConfiguration;
			buildSettings = {
				ASSETCATALOG_COMPILER_APPICON_NAME = AppIcon;
				ASSETCATALOG_COMPILER_GLOBAL_ACCENT_COLOR_NAME = AccentColor;
				CODE_SIGN_STYLE = Automatic;
				CURRENT_PROJECT_VERSION = 1;
				DEVELOPMENT_ASSET_PATHS = "\"CryptoApp/Preview Content\"";
				DEVELOPMENT_TEAM = E9WWHWDDTX;
				ENABLE_PREVIEWS = YES;
				GENERATE_INFOPLIST_FILE = YES;
				INFOPLIST_KEY_CFBundleDisplayName = "Crypto Tracker";
				INFOPLIST_KEY_UIApplicationSceneManifest_Generation = YES;
				INFOPLIST_KEY_UIApplicationSupportsIndirectInputEvents = YES;
				INFOPLIST_KEY_UILaunchScreen_Generation = YES;
				INFOPLIST_KEY_UISupportedInterfaceOrientations = UIInterfaceOrientationPortrait;
				LD_RUNPATH_SEARCH_PATHS = (
					"$(inherited)",
					"@executable_path/Frameworks",
				);
				MARKETING_VERSION = 1.0;
				PRODUCT_BUNDLE_IDENTIFIER = com.tibirabotto.CryptoApp;
				PRODUCT_NAME = "$(TARGET_NAME)";
				SWIFT_EMIT_LOC_STRINGS = YES;
				SWIFT_VERSION = 5.0;
				TARGETED_DEVICE_FAMILY = "1,2";
			};
			name = Release;
		};
/* End XCBuildConfiguration section */

/* Begin XCConfigurationList section */
		7A76BA7B291992CC0005B3F4 /* Build configuration list for PBXProject "CryptoApp" */ = {
			isa = XCConfigurationList;
			buildConfigurations = (
				7A76BA8C291992CD0005B3F4 /* Debug */,
				7A76BA8D291992CD0005B3F4 /* Release */,
			);
			defaultConfigurationIsVisible = 0;
			defaultConfigurationName = Release;
		};
		7A76BA8E291992CD0005B3F4 /* Build configuration list for PBXNativeTarget "CryptoApp" */ = {
			isa = XCConfigurationList;
			buildConfigurations = (
				7A76BA8F291992CD0005B3F4 /* Debug */,
				7A76BA90291992CD0005B3F4 /* Release */,
			);
			defaultConfigurationIsVisible = 0;
			defaultConfigurationName = Release;
		};
/* End XCConfigurationList section */
	};
	rootObject = 7A76BA78291992CC0005B3F4 /* Project object */;
}
